
Microsoft Visual Studio Solution File, Format Version 12.00
# Visual Studio 14
VisualStudioVersion = 14.0.25420.1
MinimumVisualStudioVersion = 10.0.40219.1
Project("{FAE04EC0-301F-11D3-BF4B-00C04F79EFBC}") = "AlipaySdk", "AlipaySdk\AlipaySdk.csproj", "{56509DA1-8A59-40F2-8F91-55FDF0898DE8}"
EndProject
Project("{FAE04EC0-301F-11D3-BF4B-00C04F79EFBC}") = "TenpaySdk", "TenpaySdk\TenpaySdk.csproj", "{8EC5334C-DA02-4D83-91FE-20AC0A4C2AD1}"
EndProject
Global
	GlobalSection(SolutionConfigurationPlatforms) = preSolution
		Debug|Any CPU = Debug|Any CPU
		Release|Any CPU = Release|Any CPU
	EndGlobalSection
	GlobalSection(ProjectConfigurationPlatforms) = postSolution
		{56509DA1-8A59-40F2-8F91-55FDF0898DE8}.Debug|Any CPU.ActiveCfg = Debug|Any CPU
		{56509DA1-8A59-40F2-8F91-55FDF0898DE8}.Debug|Any CPU.Build.0 = Debug|Any CPU
		{56509DA1-8A59-40F2-8F91-55FDF0898DE8}.Release|Any CPU.ActiveCfg = Release|Any CPU
		{56509DA1-8A59-40F2-8F91-55FDF0898DE8}.Release|Any CPU.Build.0 = Release|Any CPU
		{8EC5334C-DA02-4D83-91FE-20AC0A4C2AD1}.Debug|Any CPU.ActiveCfg = Debug|Any CPU
		{8EC5334C-DA02-4D83-91FE-20AC0A4C2AD1}.Debug|Any CPU.Build.0 = Debug|Any CPU
		{8EC5334C-DA02-4D83-91FE-20AC0A4C2AD1}.Release|Any CPU.ActiveCfg = Release|Any CPU
		{8EC5334C-DA02-4D83-91FE-20AC0A4C2AD1}.Release|Any CPU.Build.0 = Release|Any CPU
	EndGlobalSection
	GlobalSection(SolutionProperties) = preSolution
		HideSolutionNode = FALSE
	EndGlobalSection
EndGlobal
