
Microsoft Visual Studio Solution File, Format Version 12.00
# Visual Studio 14
VisualStudioVersion = 14.0.25420.1
MinimumVisualStudioVersion = 10.0.40219.1
Project("{FAE04EC0-301F-11D3-BF4B-00C04F79EFBC}") = "AlipaySdk", "AlipaySdk\AlipaySdk.csproj", "{56509DA1-8A59-40F2-8F91-55FDF0898DE8}"
EndProject
Project("{FAE04EC0-301F-11D3-BF4B-00C04F79EFBC}") = "TenpaySdk", "TenpaySdk\TenpaySdk.csproj", "{8EC5334C-DA02-4D83-91FE-20AC0A4C2AD1}"
EndProject
Project("{FAE04EC0-301F-11D3-BF4B-00C04F79EFBC}") = "AopSdk", "AopSdk\AopSdk.csproj", "{9C11CAE5-5188-4E71-825B-68FC3135728A}"
EndProject
Project("{FAE04EC0-301F-11D3-BF4B-00C04F79EFBC}") = "Web", "Web\Web.csproj", "{7383FCF6-0048-4B93-A798-F630AFA0F4CD}"
EndProject
Project("{FAE04EC0-301F-11D3-BF4B-00C04F79EFBC}") = "WebSocketSdk", "WebSocketSdk\WebSocketSdk.csproj", "{7ABC93B3-0DA4-4C6D-BC2D-F8D237DAD9AA}"
EndProject
Project("{FAE04EC0-301F-11D3-BF4B-00C04F79EFBC}") = "TraceLogs", "TraceLogs\TraceLogs.csproj", "{A4FB39CD-6210-4F30-9019-4A9CED806B4C}"
EndProject
Project("{FAE04EC0-301F-11D3-BF4B-00C04F79EFBC}") = "ClassLibrary1", "ClassLibrary1\ClassLibrary1.csproj", "{885C232D-A4B7-464A-8D6A-C06E7C2FF282}"
EndProject
Global
	GlobalSection(SolutionConfigurationPlatforms) = preSolution
		Debug|Any CPU = Debug|Any CPU
		Release|Any CPU = Release|Any CPU
	EndGlobalSection
	GlobalSection(ProjectConfigurationPlatforms) = postSolution
		{56509DA1-8A59-40F2-8F91-55FDF0898DE8}.Debug|Any CPU.ActiveCfg = Debug|Any CPU
		{56509DA1-8A59-40F2-8F91-55FDF0898DE8}.Debug|Any CPU.Build.0 = Debug|Any CPU
		{56509DA1-8A59-40F2-8F91-55FDF0898DE8}.Release|Any CPU.ActiveCfg = Release|Any CPU
		{56509DA1-8A59-40F2-8F91-55FDF0898DE8}.Release|Any CPU.Build.0 = Release|Any CPU
		{8EC5334C-DA02-4D83-91FE-20AC0A4C2AD1}.Debug|Any CPU.ActiveCfg = Debug|Any CPU
		{8EC5334C-DA02-4D83-91FE-20AC0A4C2AD1}.Debug|Any CPU.Build.0 = Debug|Any CPU
		{8EC5334C-DA02-4D83-91FE-20AC0A4C2AD1}.Release|Any CPU.ActiveCfg = Release|Any CPU
		{8EC5334C-DA02-4D83-91FE-20AC0A4C2AD1}.Release|Any CPU.Build.0 = Release|Any CPU
		{9C11CAE5-5188-4E71-825B-68FC3135728A}.Debug|Any CPU.ActiveCfg = Debug|Any CPU
		{9C11CAE5-5188-4E71-825B-68FC3135728A}.Debug|Any CPU.Build.0 = Debug|Any CPU
		{9C11CAE5-5188-4E71-825B-68FC3135728A}.Release|Any CPU.ActiveCfg = Release|Any CPU
		{9C11CAE5-5188-4E71-825B-68FC3135728A}.Release|Any CPU.Build.0 = Release|Any CPU
		{7383FCF6-0048-4B93-A798-F630AFA0F4CD}.Debug|Any CPU.ActiveCfg = Debug|Any CPU
		{7383FCF6-0048-4B93-A798-F630AFA0F4CD}.Debug|Any CPU.Build.0 = Debug|Any CPU
		{7383FCF6-0048-4B93-A798-F630AFA0F4CD}.Release|Any CPU.ActiveCfg = Release|Any CPU
		{7383FCF6-0048-4B93-A798-F630AFA0F4CD}.Release|Any CPU.Build.0 = Release|Any CPU
		{7ABC93B3-0DA4-4C6D-BC2D-F8D237DAD9AA}.Debug|Any CPU.ActiveCfg = Debug|Any CPU
		{7ABC93B3-0DA4-4C6D-BC2D-F8D237DAD9AA}.Debug|Any CPU.Build.0 = Debug|Any CPU
		{7ABC93B3-0DA4-4C6D-BC2D-F8D237DAD9AA}.Release|Any CPU.ActiveCfg = Release|Any CPU
		{7ABC93B3-0DA4-4C6D-BC2D-F8D237DAD9AA}.Release|Any CPU.Build.0 = Release|Any CPU
		{A4FB39CD-6210-4F30-9019-4A9CED806B4C}.Debug|Any CPU.ActiveCfg = Debug|Any CPU
		{A4FB39CD-6210-4F30-9019-4A9CED806B4C}.Debug|Any CPU.Build.0 = Debug|Any CPU
		{A4FB39CD-6210-4F30-9019-4A9CED806B4C}.Release|Any CPU.ActiveCfg = Release|Any CPU
		{A4FB39CD-6210-4F30-9019-4A9CED806B4C}.Release|Any CPU.Build.0 = Release|Any CPU
		{885C232D-A4B7-464A-8D6A-C06E7C2FF282}.Debug|Any CPU.ActiveCfg = Debug|Any CPU
		{885C232D-A4B7-464A-8D6A-C06E7C2FF282}.Debug|Any CPU.Build.0 = Debug|Any CPU
		{885C232D-A4B7-464A-8D6A-C06E7C2FF282}.Release|Any CPU.ActiveCfg = Release|Any CPU
		{885C232D-A4B7-464A-8D6A-C06E7C2FF282}.Release|Any CPU.Build.0 = Release|Any CPU
	EndGlobalSection
	GlobalSection(SolutionProperties) = preSolution
		HideSolutionNode = FALSE
	EndGlobalSection
EndGlobal
